
Microsoft Visual Studio Solution File, Format Version 12.00
# Visual Studio Version 16
VisualStudioVersion = 25.0.1704.2
MinimumVisualStudioVersion = 10.0.40219.1
Project("{FAE04EC0-301F-11D3-BF4B-00C04F79EFBC}") = "Mission2Test", "Mission2Test\Mission2Test.csproj", "{AC2432E3-DEB1-4FD7-821C-D9CE8012923E}"
EndProject
Global
	GlobalSection(SolutionConfigurationPlatforms) = preSolution
		Debug|Any CPU = Debug|Any CPU
		Release|Any CPU = Release|Any CPU
	EndGlobalSection
	GlobalSection(ProjectConfigurationPlatforms) = postSolution
		{AC2432E3-DEB1-4FD7-821C-D9CE8012923E}.Debug|Any CPU.ActiveCfg = Debug|Any CPU
		{AC2432E3-DEB1-4FD7-821C-D9CE8012923E}.Debug|Any CPU.Build.0 = Debug|Any CPU
		{AC2432E3-DEB1-4FD7-821C-D9CE8012923E}.Release|Any CPU.ActiveCfg = Release|Any CPU
		{AC2432E3-DEB1-4FD7-821C-D9CE8012923E}.Release|Any CPU.Build.0 = Release|Any CPU
	EndGlobalSection
	GlobalSection(SolutionProperties) = preSolution
		HideSolutionNode = FALSE
	EndGlobalSection
	GlobalSection(ExtensibilityGlobals) = postSolution
		SolutionGuid = {EEECA084-7344-4F7E-86D1-81A35A08DB7B}
	EndGlobalSection
EndGlobal
